
Microsoft Visual Studio Solution File, Format Version 12.00
# Visual Studio 15
VisualStudioVersion = 15.0.26430.15
MinimumVisualStudioVersion = 10.0.40219.1
Project("{FAE04EC0-301F-11D3-BF4B-00C04F79EFBC}") = "CustomTimelineEra", "CustomTimelineEra\CustomTimelineEra.csproj", "{1D1294A0-D341-4F43-8D33-2B0FB8198356}"
EndProject
Project("{2150E333-8FDC-42A3-9474-1A3956D46DE8}") = ".config", ".config", "{4974EC9F-C190-4584-8012-1E2E7D19E15F}"
	ProjectSection(SolutionItems) = preProject
		.editorconfig = .editorconfig
		.gitattributes = .gitattributes
		.gitignore = .gitignore
		CustomTimelineEra\App_Config\Include\z.CustomTimeLineEra.Serialization\CustomSerializationFolder.config = CustomTimelineEra\App_Config\Include\z.CustomTimeLineEra.Serialization\CustomSerializationFolder.config
		NuGet.config = NuGet.config
		PublishSettings.targets = PublishSettings.targets
		README.md = README.md
	EndProjectSection
EndProject
Global
	GlobalSection(SolutionConfigurationPlatforms) = preSolution
		Debug|Any CPU = Debug|Any CPU
		Release|Any CPU = Release|Any CPU
	EndGlobalSection
	GlobalSection(ProjectConfigurationPlatforms) = postSolution
		{1D1294A0-D341-4F43-8D33-2B0FB8198356}.Debug|Any CPU.ActiveCfg = Debug|Any CPU
		{1D1294A0-D341-4F43-8D33-2B0FB8198356}.Debug|Any CPU.Build.0 = Debug|Any CPU
		{1D1294A0-D341-4F43-8D33-2B0FB8198356}.Release|Any CPU.ActiveCfg = Release|Any CPU
		{1D1294A0-D341-4F43-8D33-2B0FB8198356}.Release|Any CPU.Build.0 = Release|Any CPU
	EndGlobalSection
	GlobalSection(SolutionProperties) = preSolution
		HideSolutionNode = FALSE
	EndGlobalSection
EndGlobal
